// !$*UTF8*$!
{
	archiveVersion = 1;
	classes = {
	};
	objectVersion = 46;
	objects = {

/* Begin PBXBuildFile section */
		4027F778197E027A003A33AC /* AppDelegate.swift in Sources */ = {isa = PBXBuildFile; fileRef = 4027F777197E027A003A33AC /* AppDelegate.swift */; };
		4027F77A197E027A003A33AC /* ViewController.swift in Sources */ = {isa = PBXBuildFile; fileRef = 4027F779197E027A003A33AC /* ViewController.swift */; };
		4027F77D197E027A003A33AC /* Main.storyboard in Resources */ = {isa = PBXBuildFile; fileRef = 4027F77B197E027A003A33AC /* Main.storyboard */; };
		4027F77F197E027A003A33AC /* Images.xcassets in Resources */ = {isa = PBXBuildFile; fileRef = 4027F77E197E027A003A33AC /* Images.xcassets */; };
		4027F78B197E027A003A33AC /* KeyboardTests.swift in Sources */ = {isa = PBXBuildFile; fileRef = 4027F78A197E027A003A33AC /* KeyboardTests.swift */; };
/* End PBXBuildFile section */

/* Begin PBXContainerItemProxy section */
		4027F785197E027A003A33AC /* PBXContainerItemProxy */ = {
			isa = PBXContainerItemProxy;
			containerPortal = 4027F76A197E027A003A33AC /* Project object */;
			proxyType = 1;
			remoteGlobalIDString = 4027F771197E027A003A33AC;
			remoteInfo = Keyboard;
		};
/* End PBXContainerItemProxy section */

/* Begin PBXFileReference section */
		4027F772197E027A003A33AC /* Keyboard.app */ = {isa = PBXFileReference; explicitFileType = wrapper.application; includeInIndex = 0; path = Keyboard.app; sourceTree = BUILT_PRODUCTS_DIR; };
		4027F776197E027A003A33AC /* Info.plist */ = {isa = PBXFileReference; lastKnownFileType = text.plist.xml; path = Info.plist; sourceTree = "<group>"; };
		4027F777197E027A003A33AC /* AppDelegate.swift */ = {isa = PBXFileReference; lastKnownFileType = sourcecode.swift; path = AppDelegate.swift; sourceTree = "<group>"; };
		4027F779197E027A003A33AC /* ViewController.swift */ = {isa = PBXFileReference; lastKnownFileType = sourcecode.swift; path = ViewController.swift; sourceTree = "<group>"; };
		4027F77C197E027A003A33AC /* Base */ = {isa = PBXFileReference; lastKnownFileType = file.storyboard; name = Base; path = Base.lproj/Main.storyboard; sourceTree = "<group>"; };
		4027F77E197E027A003A33AC /* Images.xcassets */ = {isa = PBXFileReference; lastKnownFileType = folder.assetcatalog; path = Images.xcassets; sourceTree = "<group>"; };
		4027F784197E027A003A33AC /* KeyboardTests.xctest */ = {isa = PBXFileReference; explicitFileType = wrapper.cfbundle; includeInIndex = 0; path = KeyboardTests.xctest; sourceTree = BUILT_PRODUCTS_DIR; };
		4027F789197E027A003A33AC /* Info.plist */ = {isa = PBXFileReference; lastKnownFileType = text.plist.xml; path = Info.plist; sourceTree = "<group>"; };
		4027F78A197E027A003A33AC /* KeyboardTests.swift */ = {isa = PBXFileReference; lastKnownFileType = sourcecode.swift; path = KeyboardTests.swift; sourceTree = "<group>"; };
/* End PBXFileReference section */

/* Begin PBXFrameworksBuildPhase section */
		4027F76F197E027A003A33AC /* Frameworks */ = {
			isa = PBXFrameworksBuildPhase;
			buildActionMask = 2147483647;
			files = (
			);
			runOnlyForDeploymentPostprocessing = 0;
		};
		4027F781197E027A003A33AC /* Frameworks */ = {
			isa = PBXFrameworksBuildPhase;
			buildActionMask = 2147483647;
			files = (
			);
			runOnlyForDeploymentPostprocessing = 0;
		};
/* End PBXFrameworksBuildPhase section */

/* Begin PBXGroup section */
		4027F769197E027A003A33AC = {
			isa = PBXGroup;
			children = (
				4027F774197E027A003A33AC /* Keyboard */,
				4027F787197E027A003A33AC /* KeyboardTests */,
				4027F773197E027A003A33AC /* Products */,
			);
			sourceTree = "<group>";
		};
		4027F773197E027A003A33AC /* Products */ = {
			isa = PBXGroup;
			children = (
				4027F772197E027A003A33AC /* Keyboard.app */,
				4027F784197E027A003A33AC /* KeyboardTests.xctest */,
			);
			name = Products;
			sourceTree = "<group>";
		};
		4027F774197E027A003A33AC /* Keyboard */ = {
			isa = PBXGroup;
			children = (
				4027F777197E027A003A33AC /* AppDelegate.swift */,
				4027F779197E027A003A33AC /* ViewController.swift */,
				4027F77B197E027A003A33AC /* Main.storyboard */,
				4027F77E197E027A003A33AC /* Images.xcassets */,
				4027F775197E027A003A33AC /* Supporting Files */,
			);
			path = Keyboard;
			sourceTree = "<group>";
		};
		4027F775197E027A003A33AC /* Supporting Files */ = {
			isa = PBXGroup;
			children = (
				4027F776197E027A003A33AC /* Info.plist */,
			);
			name = "Supporting Files";
			sourceTree = "<group>";
		};
		4027F787197E027A003A33AC /* KeyboardTests */ = {
			isa = PBXGroup;
			children = (
				4027F78A197E027A003A33AC /* KeyboardTests.swift */,
				4027F788197E027A003A33AC /* Supporting Files */,
			);
			path = KeyboardTests;
			sourceTree = "<group>";
		};
		4027F788197E027A003A33AC /* Supporting Files */ = {
			isa = PBXGroup;
			children = (
				4027F789197E027A003A33AC /* Info.plist */,
			);
			name = "Supporting Files";
			sourceTree = "<group>";
		};
/* End PBXGroup section */

/* Begin PBXNativeTarget section */
		4027F771197E027A003A33AC /* Keyboard */ = {
			isa = PBXNativeTarget;
			buildConfigurationList = 4027F78E197E027A003A33AC /* Build configuration list for PBXNativeTarget "Keyboard" */;
			buildPhases = (
				4027F76E197E027A003A33AC /* Sources */,
				4027F76F197E027A003A33AC /* Frameworks */,
				4027F770197E027A003A33AC /* Resources */,
			);
			buildRules = (
			);
			dependencies = (
			);
			name = Keyboard;
			productName = Keyboard;
			productReference = 4027F772197E027A003A33AC /* Keyboard.app */;
			productType = "com.apple.product-type.application";
		};
		4027F783197E027A003A33AC /* KeyboardTests */ = {
			isa = PBXNativeTarget;
			buildConfigurationList = 4027F791197E027A003A33AC /* Build configuration list for PBXNativeTarget "KeyboardTests" */;
			buildPhases = (
				4027F780197E027A003A33AC /* Sources */,
				4027F781197E027A003A33AC /* Frameworks */,
				4027F782197E027A003A33AC /* Resources */,
			);
			buildRules = (
			);
			dependencies = (
				4027F786197E027A003A33AC /* PBXTargetDependency */,
			);
			name = KeyboardTests;
			productName = KeyboardTests;
			productReference = 4027F784197E027A003A33AC /* KeyboardTests.xctest */;
			productType = "com.apple.product-type.bundle.unit-test";
		};
/* End PBXNativeTarget section */

/* Begin PBXProject section */
		4027F76A197E027A003A33AC /* Project object */ = {
			isa = PBXProject;
			attributes = {
				LastUpgradeCheck = 0600;
				ORGANIZATIONNAME = ias;
				TargetAttributes = {
					4027F771197E027A003A33AC = {
						CreatedOnToolsVersion = 6.0;
					};
					4027F783197E027A003A33AC = {
						CreatedOnToolsVersion = 6.0;
						TestTargetID = 4027F771197E027A003A33AC;
					};
				};
			};
			buildConfigurationList = 4027F76D197E027A003A33AC /* Build configuration list for PBXProject "Keyboard" */;
			compatibilityVersion = "Xcode 3.2";
			developmentRegion = English;
			hasScannedForEncodings = 0;
			knownRegions = (
				en,
				Base,
			);
			mainGroup = 4027F769197E027A003A33AC;
			productRefGroup = 4027F773197E027A003A33AC /* Products */;
			projectDirPath = "";
			projectRoot = "";
			targets = (
				4027F771197E027A003A33AC /* Keyboard */,
				4027F783197E027A003A33AC /* KeyboardTests */,
			);
		};
/* End PBXProject section */

/* Begin PBXResourcesBuildPhase section */
		4027F770197E027A003A33AC /* Resources */ = {
			isa = PBXResourcesBuildPhase;
			buildActionMask = 2147483647;
			files = (
				4027F77D197E027A003A33AC /* Main.storyboard in Resources */,
				4027F77F197E027A003A33AC /* Images.xcassets in Resources */,
			);
			runOnlyForDeploymentPostprocessing = 0;
		};
		4027F782197E027A003A33AC /* Resources */ = {
			isa = PBXResourcesBuildPhase;
			buildActionMask = 2147483647;
			files = (
			);
			runOnlyForDeploymentPostprocessing = 0;
		};
/* End PBXResourcesBuildPhase section */

/* Begin PBXSourcesBuildPhase section */
		4027F76E197E027A003A33AC /* Sources */ = {
			isa = PBXSourcesBuildPhase;
			buildActionMask = 2147483647;
			files = (
				4027F77A197E027A003A33AC /* ViewController.swift in Sources */,
				4027F778197E027A003A33AC /* AppDelegate.swift in Sources */,
			);
			runOnlyForDeploymentPostprocessing = 0;
		};
		4027F780197E027A003A33AC /* Sources */ = {
			isa = PBXSourcesBuildPhase;
			buildActionMask = 2147483647;
			files = (
				4027F78B197E027A003A33AC /* KeyboardTests.swift in Sources */,
			);
			runOnlyForDeploymentPostprocessing = 0;
		};
/* End PBXSourcesBuildPhase section */

/* Begin PBXTargetDependency section */
		4027F786197E027A003A33AC /* PBXTargetDependency */ = {
			isa = PBXTargetDependency;
			target = 4027F771197E027A003A33AC /* Keyboard */;
			targetProxy = 4027F785197E027A003A33AC /* PBXContainerItemProxy */;
		};
/* End PBXTargetDependency section */

/* Begin PBXVariantGroup section */
		4027F77B197E027A003A33AC /* Main.storyboard */ = {
			isa = PBXVariantGroup;
			children = (
				4027F77C197E027A003A33AC /* Base */,
			);
			name = Main.storyboard;
			sourceTree = "<group>";
		};
/* End PBXVariantGroup section */

/* Begin XCBuildConfiguration section */
		4027F78C197E027A003A33AC /* Debug */ = {
			isa = XCBuildConfiguration;
			buildSettings = {
				ALWAYS_SEARCH_USER_PATHS = NO;
				CLANG_CXX_LANGUAGE_STANDARD = "gnu++0x";
				CLANG_CXX_LIBRARY = "libc++";
				CLANG_ENABLE_MODULES = YES;
				CLANG_ENABLE_OBJC_ARC = YES;
				CLANG_WARN_BOOL_CONVERSION = YES;
				CLANG_WARN_CONSTANT_CONVERSION = YES;
				CLANG_WARN_DIRECT_OBJC_ISA_USAGE = YES_ERROR;
				CLANG_WARN_EMPTY_BODY = YES;
				CLANG_WARN_ENUM_CONVERSION = YES;
				CLANG_WARN_INT_CONVERSION = YES;
				CLANG_WARN_OBJC_ROOT_CLASS = YES_ERROR;
				CLANG_WARN_UNREACHABLE_CODE = YES;
				CLANG_WARN__DUPLICATE_METHOD_MATCH = YES;
				"CODE_SIGN_IDENTITY[sdk=iphoneos*]" = "iPhone Developer";
				COPY_PHASE_STRIP = NO;
				ENABLE_STRICT_OBJC_MSGSEND = YES;
				GCC_C_LANGUAGE_STANDARD = gnu99;
				GCC_DYNAMIC_NO_PIC = NO;
				GCC_OPTIMIZATION_LEVEL = 0;
				GCC_PREPROCESSOR_DEFINITIONS = (
					"DEBUG=1",
					"$(inherited)",
				);
				GCC_SYMBOLS_PRIVATE_EXTERN = NO;
				GCC_WARN_64_TO_32_BIT_CONVERSION = YES;
				GCC_WARN_ABOUT_RETURN_TYPE = YES_ERROR;
				GCC_WARN_UNDECLARED_SELECTOR = YES;
				GCC_WARN_UNINITIALIZED_AUTOS = YES_AGGRESSIVE;
				GCC_WARN_UNUSED_FUNCTION = YES;
				GCC_WARN_UNUSED_VARIABLE = YES;
				IPHONEOS_DEPLOYMENT_TARGET = 8.0;
				MTL_ENABLE_DEBUG_INFO = YES;
				ONLY_ACTIVE_ARCH = YES;
				SDKROOT = iphoneos;
				SWIFT_OPTIMIZATION_LEVEL = "-Onone";
			};
			name = Debug;
		};
		4027F78D197E027A003A33AC /* Release */ = {
			isa = XCBuildConfiguration;
			buildSettings = {
				ALWAYS_SEARCH_USER_PATHS = NO;
				CLANG_CXX_LANGUAGE_STANDARD = "gnu++0x";
				CLANG_CXX_LIBRARY = "libc++";
				CLANG_ENABLE_MODULES = YES;
				CLANG_ENABLE_OBJC_ARC = YES;
				CLANG_WARN_BOOL_CONVERSION = YES;
				CLANG_WARN_CONSTANT_CONVERSION = YES;
				CLANG_WARN_DIRECT_OBJC_ISA_USAGE = YES_ERROR;
				CLANG_WARN_EMPTY_BODY = YES;
				CLANG_WARN_ENUM_CONVERSION = YES;
				CLANG_WARN_INT_CONVERSION = YES;
				CLANG_WARN_OBJC_ROOT_CLASS = YES_ERROR;
				CLANG_WARN_UNREACHABLE_CODE = YES;
				CLANG_WARN__DUPLICATE_METHOD_MATCH = YES;
				"CODE_SIGN_IDENTITY[sdk=iphoneos*]" = "iPhone Developer";
				COPY_PHASE_STRIP = YES;
				ENABLE_NS_ASSERTIONS = NO;
				ENABLE_STRICT_OBJC_MSGSEND = YES;
				GCC_C_LANGUAGE_STANDARD = gnu99;
				GCC_WARN_64_TO_32_BIT_CONVERSION = YES;
				GCC_WARN_ABOUT_RETURN_TYPE = YES_ERROR;
				GCC_WARN_UNDECLARED_SELECTOR = YES;
				GCC_WARN_UNINITIALIZED_AUTOS = YES_AGGRESSIVE;
				GCC_WARN_UNUSED_FUNCTION = YES;
				GCC_WARN_UNUSED_VARIABLE = YES;
				IPHONEOS_DEPLOYMENT_TARGET = 8.0;
				MTL_ENABLE_DEBUG_INFO = NO;
				SDKROOT = iphoneos;
				VALIDATE_PRODUCT = YES;
			};
			name = Release;
		};
		4027F78F197E027A003A33AC /* Debug */ = {
			isa = XCBuildConfiguration;
			buildSettings = {
				ASSETCATALOG_COMPILER_APPICON_NAME = AppIcon;
				ASSETCATALOG_COMPILER_LAUNCHIMAGE_NAME = LaunchImage;
				INFOPLIST_FILE = Keyboard/Info.plist;
				LD_RUNPATH_SEARCH_PATHS = "$(inherited) @executable_path/Frameworks";
				PRODUCT_NAME = "$(TARGET_NAME)";
			};
			name = Debug;
		};
		4027F790197E027A003A33AC /* Release */ = {
			isa = XCBuildConfiguration;
			buildSettings = {
				ASSETCATALOG_COMPILER_APPICON_NAME = AppIcon;
				ASSETCATALOG_COMPILER_LAUNCHIMAGE_NAME = LaunchImage;
				INFOPLIST_FILE = Keyboard/Info.plist;
				LD_RUNPATH_SEARCH_PATHS = "$(inherited) @executable_path/Frameworks";
				PRODUCT_NAME = "$(TARGET_NAME)";
			};
			name = Release;
		};
		4027F792197E027A003A33AC /* Debug */ = {
			isa = XCBuildConfiguration;
			buildSettings = {
				BUNDLE_LOADER = "$(BUILT_PRODUCTS_DIR)/Keyboard.app/Keyboard";
				FRAMEWORK_SEARCH_PATHS = (
					"$(SDKROOT)/Developer/Library/Frameworks",
					"$(inherited)",
				);
				GCC_PREPROCESSOR_DEFINITIONS = (
					"DEBUG=1",
					"$(inherited)",
				);
				INFOPLIST_FILE = KeyboardTests/Info.plist;
				LD_RUNPATH_SEARCH_PATHS = "$(inherited) @executable_path/Frameworks @loader_path/Frameworks";
				PRODUCT_NAME = "$(TARGET_NAME)";
				TEST_HOST = "$(BUNDLE_LOADER)";
			};
			name = Debug;
		};
		4027F793197E027A003A33AC /* Release */ = {
			isa = XCBuildConfiguration;
			buildSettings = {
				BUNDLE_LOADER = "$(BUILT_PRODUCTS_DIR)/Keyboard.app/Keyboard";
				FRAMEWORK_SEARCH_PATHS = (
					"$(SDKROOT)/Developer/Library/Frameworks",
					"$(inherited)",
				);
				INFOPLIST_FILE = KeyboardTests/Info.plist;
				LD_RUNPATH_SEARCH_PATHS = "$(inherited) @executable_path/Frameworks @loader_path/Frameworks";
				PRODUCT_NAME = "$(TARGET_NAME)";
				TEST_HOST = "$(BUNDLE_LOADER)";
			};
			name = Release;
		};
/* End XCBuildConfiguration section */

/* Begin XCConfigurationList section */
		4027F76D197E027A003A33AC /* Build configuration list for PBXProject "Keyboard" */ = {
			isa = XCConfigurationList;
			buildConfigurations = (
				4027F78C197E027A003A33AC /* Debug */,
				4027F78D197E027A003A33AC /* Release */,
			);
			defaultConfigurationIsVisible = 0;
			defaultConfigurationName = Release;
		};
		4027F78E197E027A003A33AC /* Build configuration list for PBXNativeTarget "Keyboard" */ = {
			isa = XCConfigurationList;
			buildConfigurations = (
				4027F78F197E027A003A33AC /* Debug */,
				4027F790197E027A003A33AC /* Release */,
			);
			defaultConfigurationIsVisible = 0;
		};
		4027F791197E027A003A33AC /* Build configuration list for PBXNativeTarget "KeyboardTests" */ = {
			isa = XCConfigurationList;
			buildConfigurations = (
				4027F792197E027A003A33AC /* Debug */,
				4027F793197E027A003A33AC /* Release */,
			);
			defaultConfigurationIsVisible = 0;
		};
/* End XCConfigurationList section */
	};
	rootObject = 4027F76A197E027A003A33AC /* Project object */;
}
