// !$*UTF8*$!
{
	archiveVersion = 1;
	classes = {
	};
	objectVersion = 46;
	objects = {

/* Begin PBXBuildFile section */
		4027F7CE197E07AD003A33AC /* AppDelegate.swift in Sources */ = {isa = PBXBuildFile; fileRef = 4027F7CD197E07AD003A33AC /* AppDelegate.swift */; };
		4027F7D0197E07AD003A33AC /* ViewController.swift in Sources */ = {isa = PBXBuildFile; fileRef = 4027F7CF197E07AD003A33AC /* ViewController.swift */; };
		4027F7D3197E07AD003A33AC /* Main.storyboard in Resources */ = {isa = PBXBuildFile; fileRef = 4027F7D1197E07AD003A33AC /* Main.storyboard */; };
		4027F7D5197E07AD003A33AC /* Images.xcassets in Resources */ = {isa = PBXBuildFile; fileRef = 4027F7D4197E07AD003A33AC /* Images.xcassets */; };
		4027F7E1197E07AD003A33AC /* ModalViewTests.swift in Sources */ = {isa = PBXBuildFile; fileRef = 4027F7E0197E07AD003A33AC /* ModalViewTests.swift */; };
/* End PBXBuildFile section */

/* Begin PBXContainerItemProxy section */
		4027F7DB197E07AD003A33AC /* PBXContainerItemProxy */ = {
			isa = PBXContainerItemProxy;
			containerPortal = 4027F7C0197E07AD003A33AC /* Project object */;
			proxyType = 1;
			remoteGlobalIDString = 4027F7C7197E07AD003A33AC;
			remoteInfo = ModalView;
		};
/* End PBXContainerItemProxy section */

/* Begin PBXFileReference section */
		4027F7C8197E07AD003A33AC /* ModalView.app */ = {isa = PBXFileReference; explicitFileType = wrapper.application; includeInIndex = 0; path = ModalView.app; sourceTree = BUILT_PRODUCTS_DIR; };
		4027F7CC197E07AD003A33AC /* Info.plist */ = {isa = PBXFileReference; lastKnownFileType = text.plist.xml; path = Info.plist; sourceTree = "<group>"; };
		4027F7CD197E07AD003A33AC /* AppDelegate.swift */ = {isa = PBXFileReference; lastKnownFileType = sourcecode.swift; path = AppDelegate.swift; sourceTree = "<group>"; };
		4027F7CF197E07AD003A33AC /* ViewController.swift */ = {isa = PBXFileReference; lastKnownFileType = sourcecode.swift; path = ViewController.swift; sourceTree = "<group>"; };
		4027F7D2197E07AD003A33AC /* Base */ = {isa = PBXFileReference; lastKnownFileType = file.storyboard; name = Base; path = Base.lproj/Main.storyboard; sourceTree = "<group>"; };
		4027F7D4197E07AD003A33AC /* Images.xcassets */ = {isa = PBXFileReference; lastKnownFileType = folder.assetcatalog; path = Images.xcassets; sourceTree = "<group>"; };
		4027F7DA197E07AD003A33AC /* ModalViewTests.xctest */ = {isa = PBXFileReference; explicitFileType = wrapper.cfbundle; includeInIndex = 0; path = ModalViewTests.xctest; sourceTree = BUILT_PRODUCTS_DIR; };
		4027F7DF197E07AD003A33AC /* Info.plist */ = {isa = PBXFileReference; lastKnownFileType = text.plist.xml; path = Info.plist; sourceTree = "<group>"; };
		4027F7E0197E07AD003A33AC /* ModalViewTests.swift */ = {isa = PBXFileReference; lastKnownFileType = sourcecode.swift; path = ModalViewTests.swift; sourceTree = "<group>"; };
/* End PBXFileReference section */

/* Begin PBXFrameworksBuildPhase section */
		4027F7C5197E07AD003A33AC /* Frameworks */ = {
			isa = PBXFrameworksBuildPhase;
			buildActionMask = 2147483647;
			files = (
			);
			runOnlyForDeploymentPostprocessing = 0;
		};
		4027F7D7197E07AD003A33AC /* Frameworks */ = {
			isa = PBXFrameworksBuildPhase;
			buildActionMask = 2147483647;
			files = (
			);
			runOnlyForDeploymentPostprocessing = 0;
		};
/* End PBXFrameworksBuildPhase section */

/* Begin PBXGroup section */
		4027F7BF197E07AD003A33AC = {
			isa = PBXGroup;
			children = (
				4027F7CA197E07AD003A33AC /* ModalView */,
				4027F7DD197E07AD003A33AC /* ModalViewTests */,
				4027F7C9197E07AD003A33AC /* Products */,
			);
			sourceTree = "<group>";
		};
		4027F7C9197E07AD003A33AC /* Products */ = {
			isa = PBXGroup;
			children = (
				4027F7C8197E07AD003A33AC /* ModalView.app */,
				4027F7DA197E07AD003A33AC /* ModalViewTests.xctest */,
			);
			name = Products;
			sourceTree = "<group>";
		};
		4027F7CA197E07AD003A33AC /* ModalView */ = {
			isa = PBXGroup;
			children = (
				4027F7CD197E07AD003A33AC /* AppDelegate.swift */,
				4027F7CF197E07AD003A33AC /* ViewController.swift */,
				4027F7D1197E07AD003A33AC /* Main.storyboard */,
				4027F7D4197E07AD003A33AC /* Images.xcassets */,
				4027F7CB197E07AD003A33AC /* Supporting Files */,
			);
			path = ModalView;
			sourceTree = "<group>";
		};
		4027F7CB197E07AD003A33AC /* Supporting Files */ = {
			isa = PBXGroup;
			children = (
				4027F7CC197E07AD003A33AC /* Info.plist */,
			);
			name = "Supporting Files";
			sourceTree = "<group>";
		};
		4027F7DD197E07AD003A33AC /* ModalViewTests */ = {
			isa = PBXGroup;
			children = (
				4027F7E0197E07AD003A33AC /* ModalViewTests.swift */,
				4027F7DE197E07AD003A33AC /* Supporting Files */,
			);
			path = ModalViewTests;
			sourceTree = "<group>";
		};
		4027F7DE197E07AD003A33AC /* Supporting Files */ = {
			isa = PBXGroup;
			children = (
				4027F7DF197E07AD003A33AC /* Info.plist */,
			);
			name = "Supporting Files";
			sourceTree = "<group>";
		};
/* End PBXGroup section */

/* Begin PBXNativeTarget section */
		4027F7C7197E07AD003A33AC /* ModalView */ = {
			isa = PBXNativeTarget;
			buildConfigurationList = 4027F7E4197E07AD003A33AC /* Build configuration list for PBXNativeTarget "ModalView" */;
			buildPhases = (
				4027F7C4197E07AD003A33AC /* Sources */,
				4027F7C5197E07AD003A33AC /* Frameworks */,
				4027F7C6197E07AD003A33AC /* Resources */,
			);
			buildRules = (
			);
			dependencies = (
			);
			name = ModalView;
			productName = ModalView;
			productReference = 4027F7C8197E07AD003A33AC /* ModalView.app */;
			productType = "com.apple.product-type.application";
		};
		4027F7D9197E07AD003A33AC /* ModalViewTests */ = {
			isa = PBXNativeTarget;
			buildConfigurationList = 4027F7E7197E07AD003A33AC /* Build configuration list for PBXNativeTarget "ModalViewTests" */;
			buildPhases = (
				4027F7D6197E07AD003A33AC /* Sources */,
				4027F7D7197E07AD003A33AC /* Frameworks */,
				4027F7D8197E07AD003A33AC /* Resources */,
			);
			buildRules = (
			);
			dependencies = (
				4027F7DC197E07AD003A33AC /* PBXTargetDependency */,
			);
			name = ModalViewTests;
			productName = ModalViewTests;
			productReference = 4027F7DA197E07AD003A33AC /* ModalViewTests.xctest */;
			productType = "com.apple.product-type.bundle.unit-test";
		};
/* End PBXNativeTarget section */

/* Begin PBXProject section */
		4027F7C0197E07AD003A33AC /* Project object */ = {
			isa = PBXProject;
			attributes = {
				LastUpgradeCheck = 0600;
				ORGANIZATIONNAME = ias;
				TargetAttributes = {
					4027F7C7197E07AD003A33AC = {
						CreatedOnToolsVersion = 6.0;
					};
					4027F7D9197E07AD003A33AC = {
						CreatedOnToolsVersion = 6.0;
						TestTargetID = 4027F7C7197E07AD003A33AC;
					};
				};
			};
			buildConfigurationList = 4027F7C3197E07AD003A33AC /* Build configuration list for PBXProject "ModalView" */;
			compatibilityVersion = "Xcode 3.2";
			developmentRegion = English;
			hasScannedForEncodings = 0;
			knownRegions = (
				en,
				Base,
			);
			mainGroup = 4027F7BF197E07AD003A33AC;
			productRefGroup = 4027F7C9197E07AD003A33AC /* Products */;
			projectDirPath = "";
			projectRoot = "";
			targets = (
				4027F7C7197E07AD003A33AC /* ModalView */,
				4027F7D9197E07AD003A33AC /* ModalViewTests */,
			);
		};
/* End PBXProject section */

/* Begin PBXResourcesBuildPhase section */
		4027F7C6197E07AD003A33AC /* Resources */ = {
			isa = PBXResourcesBuildPhase;
			buildActionMask = 2147483647;
			files = (
				4027F7D3197E07AD003A33AC /* Main.storyboard in Resources */,
				4027F7D5197E07AD003A33AC /* Images.xcassets in Resources */,
			);
			runOnlyForDeploymentPostprocessing = 0;
		};
		4027F7D8197E07AD003A33AC /* Resources */ = {
			isa = PBXResourcesBuildPhase;
			buildActionMask = 2147483647;
			files = (
			);
			runOnlyForDeploymentPostprocessing = 0;
		};
/* End PBXResourcesBuildPhase section */

/* Begin PBXSourcesBuildPhase section */
		4027F7C4197E07AD003A33AC /* Sources */ = {
			isa = PBXSourcesBuildPhase;
			buildActionMask = 2147483647;
			files = (
				4027F7D0197E07AD003A33AC /* ViewController.swift in Sources */,
				4027F7CE197E07AD003A33AC /* AppDelegate.swift in Sources */,
			);
			runOnlyForDeploymentPostprocessing = 0;
		};
		4027F7D6197E07AD003A33AC /* Sources */ = {
			isa = PBXSourcesBuildPhase;
			buildActionMask = 2147483647;
			files = (
				4027F7E1197E07AD003A33AC /* ModalViewTests.swift in Sources */,
			);
			runOnlyForDeploymentPostprocessing = 0;
		};
/* End PBXSourcesBuildPhase section */

/* Begin PBXTargetDependency section */
		4027F7DC197E07AD003A33AC /* PBXTargetDependency */ = {
			isa = PBXTargetDependency;
			target = 4027F7C7197E07AD003A33AC /* ModalView */;
			targetProxy = 4027F7DB197E07AD003A33AC /* PBXContainerItemProxy */;
		};
/* End PBXTargetDependency section */

/* Begin PBXVariantGroup section */
		4027F7D1197E07AD003A33AC /* Main.storyboard */ = {
			isa = PBXVariantGroup;
			children = (
				4027F7D2197E07AD003A33AC /* Base */,
			);
			name = Main.storyboard;
			sourceTree = "<group>";
		};
/* End PBXVariantGroup section */

/* Begin XCBuildConfiguration section */
		4027F7E2197E07AD003A33AC /* Debug */ = {
			isa = XCBuildConfiguration;
			buildSettings = {
				ALWAYS_SEARCH_USER_PATHS = NO;
				CLANG_CXX_LANGUAGE_STANDARD = "gnu++0x";
				CLANG_CXX_LIBRARY = "libc++";
				CLANG_ENABLE_MODULES = YES;
				CLANG_ENABLE_OBJC_ARC = YES;
				CLANG_WARN_BOOL_CONVERSION = YES;
				CLANG_WARN_CONSTANT_CONVERSION = YES;
				CLANG_WARN_DIRECT_OBJC_ISA_USAGE = YES_ERROR;
				CLANG_WARN_EMPTY_BODY = YES;
				CLANG_WARN_ENUM_CONVERSION = YES;
				CLANG_WARN_INT_CONVERSION = YES;
				CLANG_WARN_OBJC_ROOT_CLASS = YES_ERROR;
				CLANG_WARN_UNREACHABLE_CODE = YES;
				CLANG_WARN__DUPLICATE_METHOD_MATCH = YES;
				"CODE_SIGN_IDENTITY[sdk=iphoneos*]" = "iPhone Developer";
				COPY_PHASE_STRIP = NO;
				ENABLE_STRICT_OBJC_MSGSEND = YES;
				GCC_C_LANGUAGE_STANDARD = gnu99;
				GCC_DYNAMIC_NO_PIC = NO;
				GCC_OPTIMIZATION_LEVEL = 0;
				GCC_PREPROCESSOR_DEFINITIONS = (
					"DEBUG=1",
					"$(inherited)",
				);
				GCC_SYMBOLS_PRIVATE_EXTERN = NO;
				GCC_WARN_64_TO_32_BIT_CONVERSION = YES;
				GCC_WARN_ABOUT_RETURN_TYPE = YES_ERROR;
				GCC_WARN_UNDECLARED_SELECTOR = YES;
				GCC_WARN_UNINITIALIZED_AUTOS = YES_AGGRESSIVE;
				GCC_WARN_UNUSED_FUNCTION = YES;
				GCC_WARN_UNUSED_VARIABLE = YES;
				IPHONEOS_DEPLOYMENT_TARGET = 8.0;
				MTL_ENABLE_DEBUG_INFO = YES;
				ONLY_ACTIVE_ARCH = YES;
				SDKROOT = iphoneos;
				SWIFT_OPTIMIZATION_LEVEL = "-Onone";
			};
			name = Debug;
		};
		4027F7E3197E07AD003A33AC /* Release */ = {
			isa = XCBuildConfiguration;
			buildSettings = {
				ALWAYS_SEARCH_USER_PATHS = NO;
				CLANG_CXX_LANGUAGE_STANDARD = "gnu++0x";
				CLANG_CXX_LIBRARY = "libc++";
				CLANG_ENABLE_MODULES = YES;
				CLANG_ENABLE_OBJC_ARC = YES;
				CLANG_WARN_BOOL_CONVERSION = YES;
				CLANG_WARN_CONSTANT_CONVERSION = YES;
				CLANG_WARN_DIRECT_OBJC_ISA_USAGE = YES_ERROR;
				CLANG_WARN_EMPTY_BODY = YES;
				CLANG_WARN_ENUM_CONVERSION = YES;
				CLANG_WARN_INT_CONVERSION = YES;
				CLANG_WARN_OBJC_ROOT_CLASS = YES_ERROR;
				CLANG_WARN_UNREACHABLE_CODE = YES;
				CLANG_WARN__DUPLICATE_METHOD_MATCH = YES;
				"CODE_SIGN_IDENTITY[sdk=iphoneos*]" = "iPhone Developer";
				COPY_PHASE_STRIP = YES;
				ENABLE_NS_ASSERTIONS = NO;
				ENABLE_STRICT_OBJC_MSGSEND = YES;
				GCC_C_LANGUAGE_STANDARD = gnu99;
				GCC_WARN_64_TO_32_BIT_CONVERSION = YES;
				GCC_WARN_ABOUT_RETURN_TYPE = YES_ERROR;
				GCC_WARN_UNDECLARED_SELECTOR = YES;
				GCC_WARN_UNINITIALIZED_AUTOS = YES_AGGRESSIVE;
				GCC_WARN_UNUSED_FUNCTION = YES;
				GCC_WARN_UNUSED_VARIABLE = YES;
				IPHONEOS_DEPLOYMENT_TARGET = 8.0;
				MTL_ENABLE_DEBUG_INFO = NO;
				SDKROOT = iphoneos;
				VALIDATE_PRODUCT = YES;
			};
			name = Release;
		};
		4027F7E5197E07AD003A33AC /* Debug */ = {
			isa = XCBuildConfiguration;
			buildSettings = {
				ASSETCATALOG_COMPILER_APPICON_NAME = AppIcon;
				ASSETCATALOG_COMPILER_LAUNCHIMAGE_NAME = LaunchImage;
				INFOPLIST_FILE = ModalView/Info.plist;
				LD_RUNPATH_SEARCH_PATHS = "$(inherited) @executable_path/Frameworks";
				PRODUCT_NAME = "$(TARGET_NAME)";
			};
			name = Debug;
		};
		4027F7E6197E07AD003A33AC /* Release */ = {
			isa = XCBuildConfiguration;
			buildSettings = {
				ASSETCATALOG_COMPILER_APPICON_NAME = AppIcon;
				ASSETCATALOG_COMPILER_LAUNCHIMAGE_NAME = LaunchImage;
				INFOPLIST_FILE = ModalView/Info.plist;
				LD_RUNPATH_SEARCH_PATHS = "$(inherited) @executable_path/Frameworks";
				PRODUCT_NAME = "$(TARGET_NAME)";
			};
			name = Release;
		};
		4027F7E8197E07AD003A33AC /* Debug */ = {
			isa = XCBuildConfiguration;
			buildSettings = {
				BUNDLE_LOADER = "$(BUILT_PRODUCTS_DIR)/ModalView.app/ModalView";
				FRAMEWORK_SEARCH_PATHS = (
					"$(SDKROOT)/Developer/Library/Frameworks",
					"$(inherited)",
				);
				GCC_PREPROCESSOR_DEFINITIONS = (
					"DEBUG=1",
					"$(inherited)",
				);
				INFOPLIST_FILE = ModalViewTests/Info.plist;
				LD_RUNPATH_SEARCH_PATHS = "$(inherited) @executable_path/Frameworks @loader_path/Frameworks";
				PRODUCT_NAME = "$(TARGET_NAME)";
				TEST_HOST = "$(BUNDLE_LOADER)";
			};
			name = Debug;
		};
		4027F7E9197E07AD003A33AC /* Release */ = {
			isa = XCBuildConfiguration;
			buildSettings = {
				BUNDLE_LOADER = "$(BUILT_PRODUCTS_DIR)/ModalView.app/ModalView";
				FRAMEWORK_SEARCH_PATHS = (
					"$(SDKROOT)/Developer/Library/Frameworks",
					"$(inherited)",
				);
				INFOPLIST_FILE = ModalViewTests/Info.plist;
				LD_RUNPATH_SEARCH_PATHS = "$(inherited) @executable_path/Frameworks @loader_path/Frameworks";
				PRODUCT_NAME = "$(TARGET_NAME)";
				TEST_HOST = "$(BUNDLE_LOADER)";
			};
			name = Release;
		};
/* End XCBuildConfiguration section */

/* Begin XCConfigurationList section */
		4027F7C3197E07AD003A33AC /* Build configuration list for PBXProject "ModalView" */ = {
			isa = XCConfigurationList;
			buildConfigurations = (
				4027F7E2197E07AD003A33AC /* Debug */,
				4027F7E3197E07AD003A33AC /* Release */,
			);
			defaultConfigurationIsVisible = 0;
			defaultConfigurationName = Release;
		};
		4027F7E4197E07AD003A33AC /* Build configuration list for PBXNativeTarget "ModalView" */ = {
			isa = XCConfigurationList;
			buildConfigurations = (
				4027F7E5197E07AD003A33AC /* Debug */,
				4027F7E6197E07AD003A33AC /* Release */,
			);
			defaultConfigurationIsVisible = 0;
		};
		4027F7E7197E07AD003A33AC /* Build configuration list for PBXNativeTarget "ModalViewTests" */ = {
			isa = XCConfigurationList;
			buildConfigurations = (
				4027F7E8197E07AD003A33AC /* Debug */,
				4027F7E9197E07AD003A33AC /* Release */,
			);
			defaultConfigurationIsVisible = 0;
		};
/* End XCConfigurationList section */
	};
	rootObject = 4027F7C0197E07AD003A33AC /* Project object */;
}
