// !$*UTF8*$!
{
	archiveVersion = 1;
	classes = {
	};
	objectVersion = 46;
	objects = {

/* Begin PBXBuildFile section */
		04DDD995197501A200BF91E8 /* AppDelegate.swift in Sources */ = {isa = PBXBuildFile; fileRef = 04DDD994197501A200BF91E8 /* AppDelegate.swift */; };
		04DDD997197501A200BF91E8 /* ViewController.swift in Sources */ = {isa = PBXBuildFile; fileRef = 04DDD996197501A200BF91E8 /* ViewController.swift */; };
		04DDD99A197501A200BF91E8 /* Main.storyboard in Resources */ = {isa = PBXBuildFile; fileRef = 04DDD998197501A200BF91E8 /* Main.storyboard */; };
		04DDD99C197501A200BF91E8 /* Images.xcassets in Resources */ = {isa = PBXBuildFile; fileRef = 04DDD99B197501A200BF91E8 /* Images.xcassets */; };
		04DDD9A8197501A300BF91E8 /* ThreeViewsByCodeTests.swift in Sources */ = {isa = PBXBuildFile; fileRef = 04DDD9A7197501A300BF91E8 /* ThreeViewsByCodeTests.swift */; };
/* End PBXBuildFile section */

/* Begin PBXContainerItemProxy section */
		04DDD9A2197501A300BF91E8 /* PBXContainerItemProxy */ = {
			isa = PBXContainerItemProxy;
			containerPortal = 04DDD987197501A200BF91E8 /* Project object */;
			proxyType = 1;
			remoteGlobalIDString = 04DDD98E197501A200BF91E8;
			remoteInfo = ThreeViewsByCode;
		};
/* End PBXContainerItemProxy section */

/* Begin PBXFileReference section */
		04DDD98F197501A200BF91E8 /* ThreeViewsByCode.app */ = {isa = PBXFileReference; explicitFileType = wrapper.application; includeInIndex = 0; path = ThreeViewsByCode.app; sourceTree = BUILT_PRODUCTS_DIR; };
		04DDD993197501A200BF91E8 /* Info.plist */ = {isa = PBXFileReference; lastKnownFileType = text.plist.xml; path = Info.plist; sourceTree = "<group>"; };
		04DDD994197501A200BF91E8 /* AppDelegate.swift */ = {isa = PBXFileReference; lastKnownFileType = sourcecode.swift; path = AppDelegate.swift; sourceTree = "<group>"; };
		04DDD996197501A200BF91E8 /* ViewController.swift */ = {isa = PBXFileReference; lastKnownFileType = sourcecode.swift; path = ViewController.swift; sourceTree = "<group>"; };
		04DDD999197501A200BF91E8 /* Base */ = {isa = PBXFileReference; lastKnownFileType = file.storyboard; name = Base; path = Base.lproj/Main.storyboard; sourceTree = "<group>"; };
		04DDD99B197501A200BF91E8 /* Images.xcassets */ = {isa = PBXFileReference; lastKnownFileType = folder.assetcatalog; path = Images.xcassets; sourceTree = "<group>"; };
		04DDD9A1197501A300BF91E8 /* ThreeViewsByCodeTests.xctest */ = {isa = PBXFileReference; explicitFileType = wrapper.cfbundle; includeInIndex = 0; path = ThreeViewsByCodeTests.xctest; sourceTree = BUILT_PRODUCTS_DIR; };
		04DDD9A6197501A300BF91E8 /* Info.plist */ = {isa = PBXFileReference; lastKnownFileType = text.plist.xml; path = Info.plist; sourceTree = "<group>"; };
		04DDD9A7197501A300BF91E8 /* ThreeViewsByCodeTests.swift */ = {isa = PBXFileReference; lastKnownFileType = sourcecode.swift; path = ThreeViewsByCodeTests.swift; sourceTree = "<group>"; };
/* End PBXFileReference section */

/* Begin PBXFrameworksBuildPhase section */
		04DDD98C197501A200BF91E8 /* Frameworks */ = {
			isa = PBXFrameworksBuildPhase;
			buildActionMask = 2147483647;
			files = (
			);
			runOnlyForDeploymentPostprocessing = 0;
		};
		04DDD99E197501A300BF91E8 /* Frameworks */ = {
			isa = PBXFrameworksBuildPhase;
			buildActionMask = 2147483647;
			files = (
			);
			runOnlyForDeploymentPostprocessing = 0;
		};
/* End PBXFrameworksBuildPhase section */

/* Begin PBXGroup section */
		04DDD986197501A200BF91E8 = {
			isa = PBXGroup;
			children = (
				04DDD991197501A200BF91E8 /* ThreeViewsByCode */,
				04DDD9A4197501A300BF91E8 /* ThreeViewsByCodeTests */,
				04DDD990197501A200BF91E8 /* Products */,
			);
			sourceTree = "<group>";
		};
		04DDD990197501A200BF91E8 /* Products */ = {
			isa = PBXGroup;
			children = (
				04DDD98F197501A200BF91E8 /* ThreeViewsByCode.app */,
				04DDD9A1197501A300BF91E8 /* ThreeViewsByCodeTests.xctest */,
			);
			name = Products;
			sourceTree = "<group>";
		};
		04DDD991197501A200BF91E8 /* ThreeViewsByCode */ = {
			isa = PBXGroup;
			children = (
				04DDD994197501A200BF91E8 /* AppDelegate.swift */,
				04DDD996197501A200BF91E8 /* ViewController.swift */,
				04DDD998197501A200BF91E8 /* Main.storyboard */,
				04DDD99B197501A200BF91E8 /* Images.xcassets */,
				04DDD992197501A200BF91E8 /* Supporting Files */,
			);
			path = ThreeViewsByCode;
			sourceTree = "<group>";
		};
		04DDD992197501A200BF91E8 /* Supporting Files */ = {
			isa = PBXGroup;
			children = (
				04DDD993197501A200BF91E8 /* Info.plist */,
			);
			name = "Supporting Files";
			sourceTree = "<group>";
		};
		04DDD9A4197501A300BF91E8 /* ThreeViewsByCodeTests */ = {
			isa = PBXGroup;
			children = (
				04DDD9A7197501A300BF91E8 /* ThreeViewsByCodeTests.swift */,
				04DDD9A5197501A300BF91E8 /* Supporting Files */,
			);
			path = ThreeViewsByCodeTests;
			sourceTree = "<group>";
		};
		04DDD9A5197501A300BF91E8 /* Supporting Files */ = {
			isa = PBXGroup;
			children = (
				04DDD9A6197501A300BF91E8 /* Info.plist */,
			);
			name = "Supporting Files";
			sourceTree = "<group>";
		};
/* End PBXGroup section */

/* Begin PBXNativeTarget section */
		04DDD98E197501A200BF91E8 /* ThreeViewsByCode */ = {
			isa = PBXNativeTarget;
			buildConfigurationList = 04DDD9AB197501A300BF91E8 /* Build configuration list for PBXNativeTarget "ThreeViewsByCode" */;
			buildPhases = (
				04DDD98B197501A200BF91E8 /* Sources */,
				04DDD98C197501A200BF91E8 /* Frameworks */,
				04DDD98D197501A200BF91E8 /* Resources */,
			);
			buildRules = (
			);
			dependencies = (
			);
			name = ThreeViewsByCode;
			productName = ThreeViewsByCode;
			productReference = 04DDD98F197501A200BF91E8 /* ThreeViewsByCode.app */;
			productType = "com.apple.product-type.application";
		};
		04DDD9A0197501A300BF91E8 /* ThreeViewsByCodeTests */ = {
			isa = PBXNativeTarget;
			buildConfigurationList = 04DDD9AE197501A300BF91E8 /* Build configuration list for PBXNativeTarget "ThreeViewsByCodeTests" */;
			buildPhases = (
				04DDD99D197501A300BF91E8 /* Sources */,
				04DDD99E197501A300BF91E8 /* Frameworks */,
				04DDD99F197501A300BF91E8 /* Resources */,
			);
			buildRules = (
			);
			dependencies = (
				04DDD9A3197501A300BF91E8 /* PBXTargetDependency */,
			);
			name = ThreeViewsByCodeTests;
			productName = ThreeViewsByCodeTests;
			productReference = 04DDD9A1197501A300BF91E8 /* ThreeViewsByCodeTests.xctest */;
			productType = "com.apple.product-type.bundle.unit-test";
		};
/* End PBXNativeTarget section */

/* Begin PBXProject section */
		04DDD987197501A200BF91E8 /* Project object */ = {
			isa = PBXProject;
			attributes = {
				LastUpgradeCheck = 0600;
				ORGANIZATIONNAME = ias;
				TargetAttributes = {
					04DDD98E197501A200BF91E8 = {
						CreatedOnToolsVersion = 6.0;
					};
					04DDD9A0197501A300BF91E8 = {
						CreatedOnToolsVersion = 6.0;
						TestTargetID = 04DDD98E197501A200BF91E8;
					};
				};
			};
			buildConfigurationList = 04DDD98A197501A200BF91E8 /* Build configuration list for PBXProject "ThreeViewsByCode" */;
			compatibilityVersion = "Xcode 3.2";
			developmentRegion = English;
			hasScannedForEncodings = 0;
			knownRegions = (
				en,
				Base,
			);
			mainGroup = 04DDD986197501A200BF91E8;
			productRefGroup = 04DDD990197501A200BF91E8 /* Products */;
			projectDirPath = "";
			projectRoot = "";
			targets = (
				04DDD98E197501A200BF91E8 /* ThreeViewsByCode */,
				04DDD9A0197501A300BF91E8 /* ThreeViewsByCodeTests */,
			);
		};
/* End PBXProject section */

/* Begin PBXResourcesBuildPhase section */
		04DDD98D197501A200BF91E8 /* Resources */ = {
			isa = PBXResourcesBuildPhase;
			buildActionMask = 2147483647;
			files = (
				04DDD99A197501A200BF91E8 /* Main.storyboard in Resources */,
				04DDD99C197501A200BF91E8 /* Images.xcassets in Resources */,
			);
			runOnlyForDeploymentPostprocessing = 0;
		};
		04DDD99F197501A300BF91E8 /* Resources */ = {
			isa = PBXResourcesBuildPhase;
			buildActionMask = 2147483647;
			files = (
			);
			runOnlyForDeploymentPostprocessing = 0;
		};
/* End PBXResourcesBuildPhase section */

/* Begin PBXSourcesBuildPhase section */
		04DDD98B197501A200BF91E8 /* Sources */ = {
			isa = PBXSourcesBuildPhase;
			buildActionMask = 2147483647;
			files = (
				04DDD997197501A200BF91E8 /* ViewController.swift in Sources */,
				04DDD995197501A200BF91E8 /* AppDelegate.swift in Sources */,
			);
			runOnlyForDeploymentPostprocessing = 0;
		};
		04DDD99D197501A300BF91E8 /* Sources */ = {
			isa = PBXSourcesBuildPhase;
			buildActionMask = 2147483647;
			files = (
				04DDD9A8197501A300BF91E8 /* ThreeViewsByCodeTests.swift in Sources */,
			);
			runOnlyForDeploymentPostprocessing = 0;
		};
/* End PBXSourcesBuildPhase section */

/* Begin PBXTargetDependency section */
		04DDD9A3197501A300BF91E8 /* PBXTargetDependency */ = {
			isa = PBXTargetDependency;
			target = 04DDD98E197501A200BF91E8 /* ThreeViewsByCode */;
			targetProxy = 04DDD9A2197501A300BF91E8 /* PBXContainerItemProxy */;
		};
/* End PBXTargetDependency section */

/* Begin PBXVariantGroup section */
		04DDD998197501A200BF91E8 /* Main.storyboard */ = {
			isa = PBXVariantGroup;
			children = (
				04DDD999197501A200BF91E8 /* Base */,
			);
			name = Main.storyboard;
			sourceTree = "<group>";
		};
/* End PBXVariantGroup section */

/* Begin XCBuildConfiguration section */
		04DDD9A9197501A300BF91E8 /* Debug */ = {
			isa = XCBuildConfiguration;
			buildSettings = {
				ALWAYS_SEARCH_USER_PATHS = NO;
				CLANG_CXX_LANGUAGE_STANDARD = "gnu++0x";
				CLANG_CXX_LIBRARY = "libc++";
				CLANG_ENABLE_MODULES = YES;
				CLANG_ENABLE_OBJC_ARC = YES;
				CLANG_WARN_BOOL_CONVERSION = YES;
				CLANG_WARN_CONSTANT_CONVERSION = YES;
				CLANG_WARN_DIRECT_OBJC_ISA_USAGE = YES_ERROR;
				CLANG_WARN_EMPTY_BODY = YES;
				CLANG_WARN_ENUM_CONVERSION = YES;
				CLANG_WARN_INT_CONVERSION = YES;
				CLANG_WARN_OBJC_ROOT_CLASS = YES_ERROR;
				CLANG_WARN_UNREACHABLE_CODE = YES;
				CLANG_WARN__DUPLICATE_METHOD_MATCH = YES;
				"CODE_SIGN_IDENTITY[sdk=iphoneos*]" = "iPhone Developer";
				COPY_PHASE_STRIP = NO;
				ENABLE_STRICT_OBJC_MSGSEND = YES;
				GCC_C_LANGUAGE_STANDARD = gnu99;
				GCC_DYNAMIC_NO_PIC = NO;
				GCC_OPTIMIZATION_LEVEL = 0;
				GCC_PREPROCESSOR_DEFINITIONS = (
					"DEBUG=1",
					"$(inherited)",
				);
				GCC_SYMBOLS_PRIVATE_EXTERN = NO;
				GCC_WARN_64_TO_32_BIT_CONVERSION = YES;
				GCC_WARN_ABOUT_RETURN_TYPE = YES_ERROR;
				GCC_WARN_UNDECLARED_SELECTOR = YES;
				GCC_WARN_UNINITIALIZED_AUTOS = YES_AGGRESSIVE;
				GCC_WARN_UNUSED_FUNCTION = YES;
				GCC_WARN_UNUSED_VARIABLE = YES;
				IPHONEOS_DEPLOYMENT_TARGET = 8.0;
				METAL_ENABLE_DEBUG_INFO = YES;
				ONLY_ACTIVE_ARCH = YES;
				SDKROOT = iphoneos;
				SWIFT_OPTIMIZATION_LEVEL = "-Onone";
			};
			name = Debug;
		};
		04DDD9AA197501A300BF91E8 /* Release */ = {
			isa = XCBuildConfiguration;
			buildSettings = {
				ALWAYS_SEARCH_USER_PATHS = NO;
				CLANG_CXX_LANGUAGE_STANDARD = "gnu++0x";
				CLANG_CXX_LIBRARY = "libc++";
				CLANG_ENABLE_MODULES = YES;
				CLANG_ENABLE_OBJC_ARC = YES;
				CLANG_WARN_BOOL_CONVERSION = YES;
				CLANG_WARN_CONSTANT_CONVERSION = YES;
				CLANG_WARN_DIRECT_OBJC_ISA_USAGE = YES_ERROR;
				CLANG_WARN_EMPTY_BODY = YES;
				CLANG_WARN_ENUM_CONVERSION = YES;
				CLANG_WARN_INT_CONVERSION = YES;
				CLANG_WARN_OBJC_ROOT_CLASS = YES_ERROR;
				CLANG_WARN_UNREACHABLE_CODE = YES;
				CLANG_WARN__DUPLICATE_METHOD_MATCH = YES;
				"CODE_SIGN_IDENTITY[sdk=iphoneos*]" = "iPhone Developer";
				COPY_PHASE_STRIP = YES;
				ENABLE_NS_ASSERTIONS = NO;
				ENABLE_STRICT_OBJC_MSGSEND = YES;
				GCC_C_LANGUAGE_STANDARD = gnu99;
				GCC_WARN_64_TO_32_BIT_CONVERSION = YES;
				GCC_WARN_ABOUT_RETURN_TYPE = YES_ERROR;
				GCC_WARN_UNDECLARED_SELECTOR = YES;
				GCC_WARN_UNINITIALIZED_AUTOS = YES_AGGRESSIVE;
				GCC_WARN_UNUSED_FUNCTION = YES;
				GCC_WARN_UNUSED_VARIABLE = YES;
				IPHONEOS_DEPLOYMENT_TARGET = 8.0;
				METAL_ENABLE_DEBUG_INFO = NO;
				SDKROOT = iphoneos;
				VALIDATE_PRODUCT = YES;
			};
			name = Release;
		};
		04DDD9AC197501A300BF91E8 /* Debug */ = {
			isa = XCBuildConfiguration;
			buildSettings = {
				ASSETCATALOG_COMPILER_APPICON_NAME = AppIcon;
				ASSETCATALOG_COMPILER_LAUNCHIMAGE_NAME = LaunchImage;
				INFOPLIST_FILE = ThreeViewsByCode/Info.plist;
				LD_RUNPATH_SEARCH_PATHS = "$(inherited) @executable_path/Frameworks";
				PRODUCT_NAME = "$(TARGET_NAME)";
			};
			name = Debug;
		};
		04DDD9AD197501A300BF91E8 /* Release */ = {
			isa = XCBuildConfiguration;
			buildSettings = {
				ASSETCATALOG_COMPILER_APPICON_NAME = AppIcon;
				ASSETCATALOG_COMPILER_LAUNCHIMAGE_NAME = LaunchImage;
				INFOPLIST_FILE = ThreeViewsByCode/Info.plist;
				LD_RUNPATH_SEARCH_PATHS = "$(inherited) @executable_path/Frameworks";
				PRODUCT_NAME = "$(TARGET_NAME)";
			};
			name = Release;
		};
		04DDD9AF197501A300BF91E8 /* Debug */ = {
			isa = XCBuildConfiguration;
			buildSettings = {
				BUNDLE_LOADER = "$(BUILT_PRODUCTS_DIR)/ThreeViewsByCode.app/ThreeViewsByCode";
				FRAMEWORK_SEARCH_PATHS = (
					"$(SDKROOT)/Developer/Library/Frameworks",
					"$(inherited)",
				);
				GCC_PREPROCESSOR_DEFINITIONS = (
					"DEBUG=1",
					"$(inherited)",
				);
				INFOPLIST_FILE = ThreeViewsByCodeTests/Info.plist;
				LD_RUNPATH_SEARCH_PATHS = "$(inherited) @executable_path/Frameworks @loader_path/Frameworks";
				METAL_ENABLE_DEBUG_INFO = YES;
				PRODUCT_NAME = "$(TARGET_NAME)";
				TEST_HOST = "$(BUNDLE_LOADER)";
			};
			name = Debug;
		};
		04DDD9B0197501A300BF91E8 /* Release */ = {
			isa = XCBuildConfiguration;
			buildSettings = {
				BUNDLE_LOADER = "$(BUILT_PRODUCTS_DIR)/ThreeViewsByCode.app/ThreeViewsByCode";
				FRAMEWORK_SEARCH_PATHS = (
					"$(SDKROOT)/Developer/Library/Frameworks",
					"$(inherited)",
				);
				INFOPLIST_FILE = ThreeViewsByCodeTests/Info.plist;
				LD_RUNPATH_SEARCH_PATHS = "$(inherited) @executable_path/Frameworks @loader_path/Frameworks";
				METAL_ENABLE_DEBUG_INFO = NO;
				PRODUCT_NAME = "$(TARGET_NAME)";
				TEST_HOST = "$(BUNDLE_LOADER)";
			};
			name = Release;
		};
/* End XCBuildConfiguration section */

/* Begin XCConfigurationList section */
		04DDD98A197501A200BF91E8 /* Build configuration list for PBXProject "ThreeViewsByCode" */ = {
			isa = XCConfigurationList;
			buildConfigurations = (
				04DDD9A9197501A300BF91E8 /* Debug */,
				04DDD9AA197501A300BF91E8 /* Release */,
			);
			defaultConfigurationIsVisible = 0;
			defaultConfigurationName = Release;
		};
		04DDD9AB197501A300BF91E8 /* Build configuration list for PBXNativeTarget "ThreeViewsByCode" */ = {
			isa = XCConfigurationList;
			buildConfigurations = (
				04DDD9AC197501A300BF91E8 /* Debug */,
				04DDD9AD197501A300BF91E8 /* Release */,
			);
			defaultConfigurationIsVisible = 0;
			defaultConfigurationName = Release;
		};
		04DDD9AE197501A300BF91E8 /* Build configuration list for PBXNativeTarget "ThreeViewsByCodeTests" */ = {
			isa = XCConfigurationList;
			buildConfigurations = (
				04DDD9AF197501A300BF91E8 /* Debug */,
				04DDD9B0197501A300BF91E8 /* Release */,
			);
			defaultConfigurationIsVisible = 0;
			defaultConfigurationName = Release;
		};
/* End XCConfigurationList section */
	};
	rootObject = 04DDD987197501A200BF91E8 /* Project object */;
}
